
Microsoft Visual Studio Solution File, Format Version 12.00
# Visual Studio Version 17
VisualStudioVersion = 17.5.002.0
MinimumVisualStudioVersion = 10.0.40219.1
Project("{9A19103F-16F7-4668-BE54-9A1E7A4F7556}") = "CustomerSupportServiceSample", "CustomerSupportServiceSample.csproj", "{8E16C0A1-74F6-4A8A-A19F-48137D38DEAA}"
EndProject
Global
	GlobalSection(SolutionConfigurationPlatforms) = preSolution
		Debug|Any CPU = Debug|Any CPU
		Release|Any CPU = Release|Any CPU
	EndGlobalSection
	GlobalSection(ProjectConfigurationPlatforms) = postSolution
		{8E16C0A1-74F6-4A8A-A19F-48137D38DEAA}.Debug|Any CPU.ActiveCfg = Debug|Any CPU
		{8E16C0A1-74F6-4A8A-A19F-48137D38DEAA}.Debug|Any CPU.Build.0 = Debug|Any CPU
		{8E16C0A1-74F6-4A8A-A19F-48137D38DEAA}.Release|Any CPU.ActiveCfg = Release|Any CPU
		{8E16C0A1-74F6-4A8A-A19F-48137D38DEAA}.Release|Any CPU.Build.0 = Release|Any CPU
	EndGlobalSection
	GlobalSection(SolutionProperties) = preSolution
		HideSolutionNode = FALSE
	EndGlobalSection
	GlobalSection(ExtensibilityGlobals) = postSolution
		SolutionGuid = {A187B7FF-4E2B-4E67-A1C4-8CEA462F2D4B}
	EndGlobalSection
EndGlobal
